
Microsoft Visual Studio Solution File, Format Version 12.00
# Visual Studio Version 17
VisualStudioVersion = 17.3.32929.385
MinimumVisualStudioVersion = 10.0.40219.1
Project("{9A19103F-16F7-4668-BE54-9A1E7A4F7556}") = "ControleFinancasWeb.API", "ControleFinancasWeb.API\ControleFinancasWeb.API.csproj", "{A3BBB3C9-B901-49BA-BE38-5E4B7C655FB6}"
EndProject
Project("{9A19103F-16F7-4668-BE54-9A1E7A4F7556}") = "ControleFinancasWeb.Core", "ControleFinancasWeb.Core\ControleFinancasWeb.Core.csproj", "{60E15636-6D92-4211-B02D-31DB71C7F750}"
EndProject
Project("{FAE04EC0-301F-11D3-BF4B-00C04F79EFBC}") = "ControleFinancasWeb.Infrastructure", "ControleFinancasWeb.Infrastructure\ControleFinancasWeb.Infrastructure.csproj", "{5BC2D239-CCF9-4EF8-9B9B-05A3847E0EBF}"
EndProject
Project("{FAE04EC0-301F-11D3-BF4B-00C04F79EFBC}") = "ControleFinancasWeb.Application", "ControleFinancasWeb.Application\ControleFinancasWeb.Application.csproj", "{929F7890-CBB5-4552-A034-57BE1914A1C0}"
EndProject
Global
	GlobalSection(SolutionConfigurationPlatforms) = preSolution
		Debug|Any CPU = Debug|Any CPU
		Release|Any CPU = Release|Any CPU
	EndGlobalSection
	GlobalSection(ProjectConfigurationPlatforms) = postSolution
		{A3BBB3C9-B901-49BA-BE38-5E4B7C655FB6}.Debug|Any CPU.ActiveCfg = Debug|Any CPU
		{A3BBB3C9-B901-49BA-BE38-5E4B7C655FB6}.Debug|Any CPU.Build.0 = Debug|Any CPU
		{A3BBB3C9-B901-49BA-BE38-5E4B7C655FB6}.Release|Any CPU.ActiveCfg = Release|Any CPU
		{A3BBB3C9-B901-49BA-BE38-5E4B7C655FB6}.Release|Any CPU.Build.0 = Release|Any CPU
		{60E15636-6D92-4211-B02D-31DB71C7F750}.Debug|Any CPU.ActiveCfg = Debug|Any CPU
		{60E15636-6D92-4211-B02D-31DB71C7F750}.Debug|Any CPU.Build.0 = Debug|Any CPU
		{60E15636-6D92-4211-B02D-31DB71C7F750}.Release|Any CPU.ActiveCfg = Release|Any CPU
		{60E15636-6D92-4211-B02D-31DB71C7F750}.Release|Any CPU.Build.0 = Release|Any CPU
		{5BC2D239-CCF9-4EF8-9B9B-05A3847E0EBF}.Debug|Any CPU.ActiveCfg = Debug|Any CPU
		{5BC2D239-CCF9-4EF8-9B9B-05A3847E0EBF}.Debug|Any CPU.Build.0 = Debug|Any CPU
		{5BC2D239-CCF9-4EF8-9B9B-05A3847E0EBF}.Release|Any CPU.ActiveCfg = Release|Any CPU
		{5BC2D239-CCF9-4EF8-9B9B-05A3847E0EBF}.Release|Any CPU.Build.0 = Release|Any CPU
		{929F7890-CBB5-4552-A034-57BE1914A1C0}.Debug|Any CPU.ActiveCfg = Debug|Any CPU
		{929F7890-CBB5-4552-A034-57BE1914A1C0}.Debug|Any CPU.Build.0 = Debug|Any CPU
		{929F7890-CBB5-4552-A034-57BE1914A1C0}.Release|Any CPU.ActiveCfg = Release|Any CPU
		{929F7890-CBB5-4552-A034-57BE1914A1C0}.Release|Any CPU.Build.0 = Release|Any CPU
	EndGlobalSection
	GlobalSection(SolutionProperties) = preSolution
		HideSolutionNode = FALSE
	EndGlobalSection
	GlobalSection(ExtensibilityGlobals) = postSolution
		SolutionGuid = {A98840F5-D2E5-4EAE-A66E-68A7816AE937}
	EndGlobalSection
EndGlobal
